// !$*UTF8*$!
{
	archiveVersion = 1;
	classes = {
	};
	objectVersion = 51;
	objects = {

/* Begin PBXBuildFile section */
		2DC5AC4725F1BAEF00A796CC /* AppDelegate.swift in Sources */ = {isa = PBXBuildFile; fileRef = 2DC5AC4625F1BAEF00A796CC /* AppDelegate.swift */; };
		2DC5AC4925F1BAEF00A796CC /* SceneDelegate.swift in Sources */ = {isa = PBXBuildFile; fileRef = 2DC5AC4825F1BAEF00A796CC /* SceneDelegate.swift */; };
		2DC5AC4B25F1BAEF00A796CC /* LoginViewController.swift in Sources */ = {isa = PBXBuildFile; fileRef = 2DC5AC4A25F1BAEF00A796CC /* LoginViewController.swift */; };
		2DC5AC4E25F1BAEF00A796CC /* Main.storyboard in Resources */ = {isa = PBXBuildFile; fileRef = 2DC5AC4C25F1BAEF00A796CC /* Main.storyboard */; };
		2DC5AC5125F1BAEF00A796CC /* SampleBankApp.xcdatamodeld in Sources */ = {isa = PBXBuildFile; fileRef = 2DC5AC4F25F1BAEF00A796CC /* SampleBankApp.xcdatamodeld */; };
		2DC5AC5325F1BAF100A796CC /* Assets.xcassets in Resources */ = {isa = PBXBuildFile; fileRef = 2DC5AC5225F1BAF100A796CC /* Assets.xcassets */; };
		2DC5AC5625F1BAF100A796CC /* LaunchScreen.storyboard in Resources */ = {isa = PBXBuildFile; fileRef = 2DC5AC5425F1BAF100A796CC /* LaunchScreen.storyboard */; };
		2DC5AC6125F1BAF200A796CC /* SampleBankAppTests.swift in Sources */ = {isa = PBXBuildFile; fileRef = 2DC5AC6025F1BAF200A796CC /* SampleBankAppTests.swift */; };
		2DC5AC6C25F1BAF200A796CC /* SampleBankAppUITests.swift in Sources */ = {isa = PBXBuildFile; fileRef = 2DC5AC6B25F1BAF200A796CC /* SampleBankAppUITests.swift */; };
		2DCD592525F1DA9F00870EB6 /* SBATextField.swift in Sources */ = {isa = PBXBuildFile; fileRef = 2DCD592425F1DA9F00870EB6 /* SBATextField.swift */; };
		2DE936BA25F6DE8F0033DAED /* SBAColors.swift in Sources */ = {isa = PBXBuildFile; fileRef = 2DE936B925F6DE8F0033DAED /* SBAColors.swift */; };
		2DE936DA25F6ED5C0033DAED /* SBAButton.swift in Sources */ = {isa = PBXBuildFile; fileRef = 2DE936D925F6ED5C0033DAED /* SBAButton.swift */; };
		382DA669DF44FCEF2C4CA535 /* Pods_SampleBankApp_SampleBankAppUITests.framework in Frameworks */ = {isa = PBXBuildFile; fileRef = CFBE81871C71CE3DF95B1C15 /* Pods_SampleBankApp_SampleBankAppUITests.framework */; };
		4BEEB405FCC634BCA11F3E91 /* Pods_SampleBankAppTests.framework in Frameworks */ = {isa = PBXBuildFile; fileRef = AF79531FFC7AB2D53E176CC7 /* Pods_SampleBankAppTests.framework */; };
		5F938F92C71D4A4415E1172F /* Pods_SampleBankApp.framework in Frameworks */ = {isa = PBXBuildFile; fileRef = FF7CE62283CD692C3D0829B8 /* Pods_SampleBankApp.framework */; };
/* End PBXBuildFile section */

/* Begin PBXContainerItemProxy section */
		2DC5AC5D25F1BAF200A796CC /* PBXContainerItemProxy */ = {
			isa = PBXContainerItemProxy;
			containerPortal = 2DC5AC3B25F1BAEF00A796CC /* Project object */;
			proxyType = 1;
			remoteGlobalIDString = 2DC5AC4225F1BAEF00A796CC;
			remoteInfo = SampleBankApp;
		};
		2DC5AC6825F1BAF200A796CC /* PBXContainerItemProxy */ = {
			isa = PBXContainerItemProxy;
			containerPortal = 2DC5AC3B25F1BAEF00A796CC /* Project object */;
			proxyType = 1;
			remoteGlobalIDString = 2DC5AC4225F1BAEF00A796CC;
			remoteInfo = SampleBankApp;
		};
/* End PBXContainerItemProxy section */

/* Begin PBXFileReference section */
		2DC5AC4325F1BAEF00A796CC /* SampleBankApp.app */ = {isa = PBXFileReference; explicitFileType = wrapper.application; includeInIndex = 0; path = SampleBankApp.app; sourceTree = BUILT_PRODUCTS_DIR; };
		2DC5AC4625F1BAEF00A796CC /* AppDelegate.swift */ = {isa = PBXFileReference; lastKnownFileType = sourcecode.swift; path = AppDelegate.swift; sourceTree = "<group>"; };
		2DC5AC4825F1BAEF00A796CC /* SceneDelegate.swift */ = {isa = PBXFileReference; lastKnownFileType = sourcecode.swift; path = SceneDelegate.swift; sourceTree = "<group>"; };
		2DC5AC4A25F1BAEF00A796CC /* LoginViewController.swift */ = {isa = PBXFileReference; lastKnownFileType = sourcecode.swift; path = LoginViewController.swift; sourceTree = "<group>"; };
		2DC5AC4D25F1BAEF00A796CC /* Base */ = {isa = PBXFileReference; lastKnownFileType = file.storyboard; name = Base; path = Base.lproj/Main.storyboard; sourceTree = "<group>"; };
		2DC5AC5025F1BAEF00A796CC /* SampleBankApp.xcdatamodel */ = {isa = PBXFileReference; lastKnownFileType = wrapper.xcdatamodel; path = SampleBankApp.xcdatamodel; sourceTree = "<group>"; };
		2DC5AC5225F1BAF100A796CC /* Assets.xcassets */ = {isa = PBXFileReference; lastKnownFileType = folder.assetcatalog; path = Assets.xcassets; sourceTree = "<group>"; };
		2DC5AC5525F1BAF100A796CC /* Base */ = {isa = PBXFileReference; lastKnownFileType = file.storyboard; name = Base; path = Base.lproj/LaunchScreen.storyboard; sourceTree = "<group>"; };
		2DC5AC5725F1BAF100A796CC /* Info.plist */ = {isa = PBXFileReference; lastKnownFileType = text.plist.xml; path = Info.plist; sourceTree = "<group>"; };
		2DC5AC5C25F1BAF200A796CC /* SampleBankAppTests.xctest */ = {isa = PBXFileReference; explicitFileType = wrapper.cfbundle; includeInIndex = 0; path = SampleBankAppTests.xctest; sourceTree = BUILT_PRODUCTS_DIR; };
		2DC5AC6025F1BAF200A796CC /* SampleBankAppTests.swift */ = {isa = PBXFileReference; lastKnownFileType = sourcecode.swift; path = SampleBankAppTests.swift; sourceTree = "<group>"; };
		2DC5AC6225F1BAF200A796CC /* Info.plist */ = {isa = PBXFileReference; lastKnownFileType = text.plist.xml; path = Info.plist; sourceTree = "<group>"; };
		2DC5AC6725F1BAF200A796CC /* SampleBankAppUITests.xctest */ = {isa = PBXFileReference; explicitFileType = wrapper.cfbundle; includeInIndex = 0; path = SampleBankAppUITests.xctest; sourceTree = BUILT_PRODUCTS_DIR; };
		2DC5AC6B25F1BAF200A796CC /* SampleBankAppUITests.swift */ = {isa = PBXFileReference; lastKnownFileType = sourcecode.swift; path = SampleBankAppUITests.swift; sourceTree = "<group>"; };
		2DC5AC6D25F1BAF200A796CC /* Info.plist */ = {isa = PBXFileReference; lastKnownFileType = text.plist.xml; path = Info.plist; sourceTree = "<group>"; };
		2DCD592425F1DA9F00870EB6 /* SBATextField.swift */ = {isa = PBXFileReference; lastKnownFileType = sourcecode.swift; path = SBATextField.swift; sourceTree = "<group>"; };
		2DE936B925F6DE8F0033DAED /* SBAColors.swift */ = {isa = PBXFileReference; lastKnownFileType = sourcecode.swift; path = SBAColors.swift; sourceTree = "<group>"; };
		2DE936D925F6ED5C0033DAED /* SBAButton.swift */ = {isa = PBXFileReference; lastKnownFileType = sourcecode.swift; path = SBAButton.swift; sourceTree = "<group>"; };
		63453893561D5CD18A24507B /* Pods-SampleBankApp.release.xcconfig */ = {isa = PBXFileReference; includeInIndex = 1; lastKnownFileType = text.xcconfig; name = "Pods-SampleBankApp.release.xcconfig"; path = "Target Support Files/Pods-SampleBankApp/Pods-SampleBankApp.release.xcconfig"; sourceTree = "<group>"; };
		6A32D731EB97B4230CB58D40 /* Pods-SampleBankAppTests.debug.xcconfig */ = {isa = PBXFileReference; includeInIndex = 1; lastKnownFileType = text.xcconfig; name = "Pods-SampleBankAppTests.debug.xcconfig"; path = "Target Support Files/Pods-SampleBankAppTests/Pods-SampleBankAppTests.debug.xcconfig"; sourceTree = "<group>"; };
		87876CE74F9FF5B061735DFC /* Pods-SampleBankAppTests.release.xcconfig */ = {isa = PBXFileReference; includeInIndex = 1; lastKnownFileType = text.xcconfig; name = "Pods-SampleBankAppTests.release.xcconfig"; path = "Target Support Files/Pods-SampleBankAppTests/Pods-SampleBankAppTests.release.xcconfig"; sourceTree = "<group>"; };
		AB775BE590FD43ACB61ECBBD /* Pods-SampleBankApp-SampleBankAppUITests.debug.xcconfig */ = {isa = PBXFileReference; includeInIndex = 1; lastKnownFileType = text.xcconfig; name = "Pods-SampleBankApp-SampleBankAppUITests.debug.xcconfig"; path = "Target Support Files/Pods-SampleBankApp-SampleBankAppUITests/Pods-SampleBankApp-SampleBankAppUITests.debug.xcconfig"; sourceTree = "<group>"; };
		AF79531FFC7AB2D53E176CC7 /* Pods_SampleBankAppTests.framework */ = {isa = PBXFileReference; explicitFileType = wrapper.framework; includeInIndex = 0; path = Pods_SampleBankAppTests.framework; sourceTree = BUILT_PRODUCTS_DIR; };
		CFBE81871C71CE3DF95B1C15 /* Pods_SampleBankApp_SampleBankAppUITests.framework */ = {isa = PBXFileReference; explicitFileType = wrapper.framework; includeInIndex = 0; path = Pods_SampleBankApp_SampleBankAppUITests.framework; sourceTree = BUILT_PRODUCTS_DIR; };
		E59405BB925E42E92DEF04B4 /* Pods-SampleBankApp.debug.xcconfig */ = {isa = PBXFileReference; includeInIndex = 1; lastKnownFileType = text.xcconfig; name = "Pods-SampleBankApp.debug.xcconfig"; path = "Target Support Files/Pods-SampleBankApp/Pods-SampleBankApp.debug.xcconfig"; sourceTree = "<group>"; };
		E9EB50EAC8F870C7800B9726 /* Pods-SampleBankApp-SampleBankAppUITests.release.xcconfig */ = {isa = PBXFileReference; includeInIndex = 1; lastKnownFileType = text.xcconfig; name = "Pods-SampleBankApp-SampleBankAppUITests.release.xcconfig"; path = "Target Support Files/Pods-SampleBankApp-SampleBankAppUITests/Pods-SampleBankApp-SampleBankAppUITests.release.xcconfig"; sourceTree = "<group>"; };
		FF7CE62283CD692C3D0829B8 /* Pods_SampleBankApp.framework */ = {isa = PBXFileReference; explicitFileType = wrapper.framework; includeInIndex = 0; path = Pods_SampleBankApp.framework; sourceTree = BUILT_PRODUCTS_DIR; };
/* End PBXFileReference section */

/* Begin PBXFrameworksBuildPhase section */
		2DC5AC4025F1BAEF00A796CC /* Frameworks */ = {
			isa = PBXFrameworksBuildPhase;
			buildActionMask = 2147483647;
			files = (
				5F938F92C71D4A4415E1172F /* Pods_SampleBankApp.framework in Frameworks */,
			);
			runOnlyForDeploymentPostprocessing = 0;
		};
		2DC5AC5925F1BAF200A796CC /* Frameworks */ = {
			isa = PBXFrameworksBuildPhase;
			buildActionMask = 2147483647;
			files = (
				4BEEB405FCC634BCA11F3E91 /* Pods_SampleBankAppTests.framework in Frameworks */,
			);
			runOnlyForDeploymentPostprocessing = 0;
		};
		2DC5AC6425F1BAF200A796CC /* Frameworks */ = {
			isa = PBXFrameworksBuildPhase;
			buildActionMask = 2147483647;
			files = (
				382DA669DF44FCEF2C4CA535 /* Pods_SampleBankApp_SampleBankAppUITests.framework in Frameworks */,
			);
			runOnlyForDeploymentPostprocessing = 0;
		};
/* End PBXFrameworksBuildPhase section */

/* Begin PBXGroup section */
		2DC5AC3A25F1BAEF00A796CC = {
			isa = PBXGroup;
			children = (
				2DC5AC4525F1BAEF00A796CC /* SampleBankApp */,
				2DC5AC5F25F1BAF200A796CC /* SampleBankAppTests */,
				2DC5AC6A25F1BAF200A796CC /* SampleBankAppUITests */,
				2DC5AC4425F1BAEF00A796CC /* Products */,
				B60BF9AA7B4E55C216130E61 /* Pods */,
				79C2045D76DD92F7B21333E2 /* Frameworks */,
			);
			sourceTree = "<group>";
		};
		2DC5AC4425F1BAEF00A796CC /* Products */ = {
			isa = PBXGroup;
			children = (
				2DC5AC4325F1BAEF00A796CC /* SampleBankApp.app */,
				2DC5AC5C25F1BAF200A796CC /* SampleBankAppTests.xctest */,
				2DC5AC6725F1BAF200A796CC /* SampleBankAppUITests.xctest */,
			);
			name = Products;
			sourceTree = "<group>";
		};
		2DC5AC4525F1BAEF00A796CC /* SampleBankApp */ = {
			isa = PBXGroup;
			children = (
				2DCD592325F1DA7900870EB6 /* Components */,
				2DC5AC9725F1C04900A796CC /* Login */,
				2DC5AC4625F1BAEF00A796CC /* AppDelegate.swift */,
				2DC5AC4825F1BAEF00A796CC /* SceneDelegate.swift */,
				2DC5AC4C25F1BAEF00A796CC /* Main.storyboard */,
				2DC5AC5225F1BAF100A796CC /* Assets.xcassets */,
				2DC5AC5425F1BAF100A796CC /* LaunchScreen.storyboard */,
				2DC5AC5725F1BAF100A796CC /* Info.plist */,
				2DC5AC4F25F1BAEF00A796CC /* SampleBankApp.xcdatamodeld */,
			);
			path = SampleBankApp;
			sourceTree = "<group>";
		};
		2DC5AC5F25F1BAF200A796CC /* SampleBankAppTests */ = {
			isa = PBXGroup;
			children = (
				2DC5AC6025F1BAF200A796CC /* SampleBankAppTests.swift */,
				2DC5AC6225F1BAF200A796CC /* Info.plist */,
			);
			path = SampleBankAppTests;
			sourceTree = "<group>";
		};
		2DC5AC6A25F1BAF200A796CC /* SampleBankAppUITests */ = {
			isa = PBXGroup;
			children = (
				2DC5AC6B25F1BAF200A796CC /* SampleBankAppUITests.swift */,
				2DC5AC6D25F1BAF200A796CC /* Info.plist */,
			);
			path = SampleBankAppUITests;
			sourceTree = "<group>";
		};
		2DC5AC9725F1C04900A796CC /* Login */ = {
			isa = PBXGroup;
			children = (
				2DC5AC4A25F1BAEF00A796CC /* LoginViewController.swift */,
			);
			path = Login;
			sourceTree = "<group>";
		};
		2DCD592325F1DA7900870EB6 /* Components */ = {
			isa = PBXGroup;
			children = (
				2DE936B925F6DE8F0033DAED /* SBAColors.swift */,
				2DCD592425F1DA9F00870EB6 /* SBATextField.swift */,
				2DE936D925F6ED5C0033DAED /* SBAButton.swift */,
			);
			path = Components;
			sourceTree = "<group>";
		};
		79C2045D76DD92F7B21333E2 /* Frameworks */ = {
			isa = PBXGroup;
			children = (
				FF7CE62283CD692C3D0829B8 /* Pods_SampleBankApp.framework */,
				CFBE81871C71CE3DF95B1C15 /* Pods_SampleBankApp_SampleBankAppUITests.framework */,
				AF79531FFC7AB2D53E176CC7 /* Pods_SampleBankAppTests.framework */,
			);
			name = Frameworks;
			sourceTree = "<group>";
		};
		B60BF9AA7B4E55C216130E61 /* Pods */ = {
			isa = PBXGroup;
			children = (
				E59405BB925E42E92DEF04B4 /* Pods-SampleBankApp.debug.xcconfig */,
				63453893561D5CD18A24507B /* Pods-SampleBankApp.release.xcconfig */,
				AB775BE590FD43ACB61ECBBD /* Pods-SampleBankApp-SampleBankAppUITests.debug.xcconfig */,
				E9EB50EAC8F870C7800B9726 /* Pods-SampleBankApp-SampleBankAppUITests.release.xcconfig */,
				6A32D731EB97B4230CB58D40 /* Pods-SampleBankAppTests.debug.xcconfig */,
				87876CE74F9FF5B061735DFC /* Pods-SampleBankAppTests.release.xcconfig */,
			);
			path = Pods;
			sourceTree = "<group>";
		};
/* End PBXGroup section */

/* Begin PBXNativeTarget section */
		2DC5AC4225F1BAEF00A796CC /* SampleBankApp */ = {
			isa = PBXNativeTarget;
			buildConfigurationList = 2DC5AC7025F1BAF200A796CC /* Build configuration list for PBXNativeTarget "SampleBankApp" */;
			buildPhases = (
				D6659F2BE35C7E2EBC50DC98 /* [CP] Check Pods Manifest.lock */,
				2DC5AC3F25F1BAEF00A796CC /* Sources */,
				2DC5AC4025F1BAEF00A796CC /* Frameworks */,
				2DC5AC4125F1BAEF00A796CC /* Resources */,
				B8FEECA4F7FECF299C24B298 /* [CP] Embed Pods Frameworks */,
			);
			buildRules = (
			);
			dependencies = (
			);
			name = SampleBankApp;
			productName = SampleBankApp;
			productReference = 2DC5AC4325F1BAEF00A796CC /* SampleBankApp.app */;
			productType = "com.apple.product-type.application";
		};
		2DC5AC5B25F1BAF200A796CC /* SampleBankAppTests */ = {
			isa = PBXNativeTarget;
			buildConfigurationList = 2DC5AC7325F1BAF200A796CC /* Build configuration list for PBXNativeTarget "SampleBankAppTests" */;
			buildPhases = (
				6A176E24CAF77090E1CABF26 /* [CP] Check Pods Manifest.lock */,
				2DC5AC5825F1BAF200A796CC /* Sources */,
				2DC5AC5925F1BAF200A796CC /* Frameworks */,
				2DC5AC5A25F1BAF200A796CC /* Resources */,
			);
			buildRules = (
			);
			dependencies = (
				2DC5AC5E25F1BAF200A796CC /* PBXTargetDependency */,
			);
			name = SampleBankAppTests;
			productName = SampleBankAppTests;
			productReference = 2DC5AC5C25F1BAF200A796CC /* SampleBankAppTests.xctest */;
			productType = "com.apple.product-type.bundle.unit-test";
		};
		2DC5AC6625F1BAF200A796CC /* SampleBankAppUITests */ = {
			isa = PBXNativeTarget;
			buildConfigurationList = 2DC5AC7625F1BAF200A796CC /* Build configuration list for PBXNativeTarget "SampleBankAppUITests" */;
			buildPhases = (
				FB413443175DE1CF4138A808 /* [CP] Check Pods Manifest.lock */,
				2DC5AC6325F1BAF200A796CC /* Sources */,
				2DC5AC6425F1BAF200A796CC /* Frameworks */,
				2DC5AC6525F1BAF200A796CC /* Resources */,
				F84F324BB9EE357EB9975E78 /* [CP] Embed Pods Frameworks */,
			);
			buildRules = (
			);
			dependencies = (
				2DC5AC6925F1BAF200A796CC /* PBXTargetDependency */,
			);
			name = SampleBankAppUITests;
			productName = SampleBankAppUITests;
			productReference = 2DC5AC6725F1BAF200A796CC /* SampleBankAppUITests.xctest */;
			productType = "com.apple.product-type.bundle.ui-testing";
		};
/* End PBXNativeTarget section */

/* Begin PBXProject section */
		2DC5AC3B25F1BAEF00A796CC /* Project object */ = {
			isa = PBXProject;
			attributes = {
				LastSwiftUpdateCheck = 1240;
				LastUpgradeCheck = 1240;
				TargetAttributes = {
					2DC5AC4225F1BAEF00A796CC = {
						CreatedOnToolsVersion = 12.4;
					};
					2DC5AC5B25F1BAF200A796CC = {
						CreatedOnToolsVersion = 12.4;
						TestTargetID = 2DC5AC4225F1BAEF00A796CC;
					};
					2DC5AC6625F1BAF200A796CC = {
						CreatedOnToolsVersion = 12.4;
						TestTargetID = 2DC5AC4225F1BAEF00A796CC;
					};
				};
			};
			buildConfigurationList = 2DC5AC3E25F1BAEF00A796CC /* Build configuration list for PBXProject "SampleBankApp" */;
			compatibilityVersion = "Xcode 9.3";
			developmentRegion = en;
			hasScannedForEncodings = 0;
			knownRegions = (
				en,
				Base,
			);
			mainGroup = 2DC5AC3A25F1BAEF00A796CC;
			productRefGroup = 2DC5AC4425F1BAEF00A796CC /* Products */;
			projectDirPath = "";
			projectRoot = "";
			targets = (
				2DC5AC4225F1BAEF00A796CC /* SampleBankApp */,
				2DC5AC5B25F1BAF200A796CC /* SampleBankAppTests */,
				2DC5AC6625F1BAF200A796CC /* SampleBankAppUITests */,
			);
		};
/* End PBXProject section */

/* Begin PBXResourcesBuildPhase section */
		2DC5AC4125F1BAEF00A796CC /* Resources */ = {
			isa = PBXResourcesBuildPhase;
			buildActionMask = 2147483647;
			files = (
				2DC5AC5625F1BAF100A796CC /* LaunchScreen.storyboard in Resources */,
				2DC5AC5325F1BAF100A796CC /* Assets.xcassets in Resources */,
				2DC5AC4E25F1BAEF00A796CC /* Main.storyboard in Resources */,
			);
			runOnlyForDeploymentPostprocessing = 0;
		};
		2DC5AC5A25F1BAF200A796CC /* Resources */ = {
			isa = PBXResourcesBuildPhase;
			buildActionMask = 2147483647;
			files = (
			);
			runOnlyForDeploymentPostprocessing = 0;
		};
		2DC5AC6525F1BAF200A796CC /* Resources */ = {
			isa = PBXResourcesBuildPhase;
			buildActionMask = 2147483647;
			files = (
			);
			runOnlyForDeploymentPostprocessing = 0;
		};
/* End PBXResourcesBuildPhase section */

/* Begin PBXShellScriptBuildPhase section */
		6A176E24CAF77090E1CABF26 /* [CP] Check Pods Manifest.lock */ = {
			isa = PBXShellScriptBuildPhase;
			buildActionMask = 2147483647;
			files = (
			);
			inputFileListPaths = (
			);
			inputPaths = (
				"${PODS_PODFILE_DIR_PATH}/Podfile.lock",
				"${PODS_ROOT}/Manifest.lock",
			);
			name = "[CP] Check Pods Manifest.lock";
			outputFileListPaths = (
			);
			outputPaths = (
				"$(DERIVED_FILE_DIR)/Pods-SampleBankAppTests-checkManifestLockResult.txt",
			);
			runOnlyForDeploymentPostprocessing = 0;
			shellPath = /bin/sh;
			shellScript = "diff \"${PODS_PODFILE_DIR_PATH}/Podfile.lock\" \"${PODS_ROOT}/Manifest.lock\" > /dev/null\nif [ $? != 0 ] ; then\n    # print error to STDERR\n    echo \"error: The sandbox is not in sync with the Podfile.lock. Run 'pod install' or update your CocoaPods installation.\" >&2\n    exit 1\nfi\n# This output is used by Xcode 'outputs' to avoid re-running this script phase.\necho \"SUCCESS\" > \"${SCRIPT_OUTPUT_FILE_0}\"\n";
			showEnvVarsInLog = 0;
		};
		B8FEECA4F7FECF299C24B298 /* [CP] Embed Pods Frameworks */ = {
			isa = PBXShellScriptBuildPhase;
			buildActionMask = 2147483647;
			files = (
			);
			inputFileListPaths = (
				"${PODS_ROOT}/Target Support Files/Pods-SampleBankApp/Pods-SampleBankApp-frameworks-${CONFIGURATION}-input-files.xcfilelist",
			);
			name = "[CP] Embed Pods Frameworks";
			outputFileListPaths = (
				"${PODS_ROOT}/Target Support Files/Pods-SampleBankApp/Pods-SampleBankApp-frameworks-${CONFIGURATION}-output-files.xcfilelist",
			);
			runOnlyForDeploymentPostprocessing = 0;
			shellPath = /bin/sh;
			shellScript = "\"${PODS_ROOT}/Target Support Files/Pods-SampleBankApp/Pods-SampleBankApp-frameworks.sh\"\n";
			showEnvVarsInLog = 0;
		};
		D6659F2BE35C7E2EBC50DC98 /* [CP] Check Pods Manifest.lock */ = {
			isa = PBXShellScriptBuildPhase;
			buildActionMask = 2147483647;
			files = (
			);
			inputFileListPaths = (
			);
			inputPaths = (
				"${PODS_PODFILE_DIR_PATH}/Podfile.lock",
				"${PODS_ROOT}/Manifest.lock",
			);
			name = "[CP] Check Pods Manifest.lock";
			outputFileListPaths = (
			);
			outputPaths = (
				"$(DERIVED_FILE_DIR)/Pods-SampleBankApp-checkManifestLockResult.txt",
			);
			runOnlyForDeploymentPostprocessing = 0;
			shellPath = /bin/sh;
			shellScript = "diff \"${PODS_PODFILE_DIR_PATH}/Podfile.lock\" \"${PODS_ROOT}/Manifest.lock\" > /dev/null\nif [ $? != 0 ] ; then\n    # print error to STDERR\n    echo \"error: The sandbox is not in sync with the Podfile.lock. Run 'pod install' or update your CocoaPods installation.\" >&2\n    exit 1\nfi\n# This output is used by Xcode 'outputs' to avoid re-running this script phase.\necho \"SUCCESS\" > \"${SCRIPT_OUTPUT_FILE_0}\"\n";
			showEnvVarsInLog = 0;
		};
		F84F324BB9EE357EB9975E78 /* [CP] Embed Pods Frameworks */ = {
			isa = PBXShellScriptBuildPhase;
			buildActionMask = 2147483647;
			files = (
			);
			inputFileListPaths = (
				"${PODS_ROOT}/Target Support Files/Pods-SampleBankApp-SampleBankAppUITests/Pods-SampleBankApp-SampleBankAppUITests-frameworks-${CONFIGURATION}-input-files.xcfilelist",
			);
			name = "[CP] Embed Pods Frameworks";
			outputFileListPaths = (
				"${PODS_ROOT}/Target Support Files/Pods-SampleBankApp-SampleBankAppUITests/Pods-SampleBankApp-SampleBankAppUITests-frameworks-${CONFIGURATION}-output-files.xcfilelist",
			);
			runOnlyForDeploymentPostprocessing = 0;
			shellPath = /bin/sh;
			shellScript = "\"${PODS_ROOT}/Target Support Files/Pods-SampleBankApp-SampleBankAppUITests/Pods-SampleBankApp-SampleBankAppUITests-frameworks.sh\"\n";
			showEnvVarsInLog = 0;
		};
		FB413443175DE1CF4138A808 /* [CP] Check Pods Manifest.lock */ = {
			isa = PBXShellScriptBuildPhase;
			buildActionMask = 2147483647;
			files = (
			);
			inputFileListPaths = (
			);
			inputPaths = (
				"${PODS_PODFILE_DIR_PATH}/Podfile.lock",
				"${PODS_ROOT}/Manifest.lock",
			);
			name = "[CP] Check Pods Manifest.lock";
			outputFileListPaths = (
			);
			outputPaths = (
				"$(DERIVED_FILE_DIR)/Pods-SampleBankApp-SampleBankAppUITests-checkManifestLockResult.txt",
			);
			runOnlyForDeploymentPostprocessing = 0;
			shellPath = /bin/sh;
			shellScript = "diff \"${PODS_PODFILE_DIR_PATH}/Podfile.lock\" \"${PODS_ROOT}/Manifest.lock\" > /dev/null\nif [ $? != 0 ] ; then\n    # print error to STDERR\n    echo \"error: The sandbox is not in sync with the Podfile.lock. Run 'pod install' or update your CocoaPods installation.\" >&2\n    exit 1\nfi\n# This output is used by Xcode 'outputs' to avoid re-running this script phase.\necho \"SUCCESS\" > \"${SCRIPT_OUTPUT_FILE_0}\"\n";
			showEnvVarsInLog = 0;
		};
/* End PBXShellScriptBuildPhase section */

/* Begin PBXSourcesBuildPhase section */
		2DC5AC3F25F1BAEF00A796CC /* Sources */ = {
			isa = PBXSourcesBuildPhase;
			buildActionMask = 2147483647;
			files = (
				2DC5AC4B25F1BAEF00A796CC /* LoginViewController.swift in Sources */,
				2DC5AC5125F1BAEF00A796CC /* SampleBankApp.xcdatamodeld in Sources */,
				2DCD592525F1DA9F00870EB6 /* SBATextField.swift in Sources */,
				2DE936DA25F6ED5C0033DAED /* SBAButton.swift in Sources */,
				2DC5AC4725F1BAEF00A796CC /* AppDelegate.swift in Sources */,
				2DE936BA25F6DE8F0033DAED /* SBAColors.swift in Sources */,
				2DC5AC4925F1BAEF00A796CC /* SceneDelegate.swift in Sources */,
			);
			runOnlyForDeploymentPostprocessing = 0;
		};
		2DC5AC5825F1BAF200A796CC /* Sources */ = {
			isa = PBXSourcesBuildPhase;
			buildActionMask = 2147483647;
			files = (
				2DC5AC6125F1BAF200A796CC /* SampleBankAppTests.swift in Sources */,
			);
			runOnlyForDeploymentPostprocessing = 0;
		};
		2DC5AC6325F1BAF200A796CC /* Sources */ = {
			isa = PBXSourcesBuildPhase;
			buildActionMask = 2147483647;
			files = (
				2DC5AC6C25F1BAF200A796CC /* SampleBankAppUITests.swift in Sources */,
			);
			runOnlyForDeploymentPostprocessing = 0;
		};
/* End PBXSourcesBuildPhase section */

/* Begin PBXTargetDependency section */
		2DC5AC5E25F1BAF200A796CC /* PBXTargetDependency */ = {
			isa = PBXTargetDependency;
			target = 2DC5AC4225F1BAEF00A796CC /* SampleBankApp */;
			targetProxy = 2DC5AC5D25F1BAF200A796CC /* PBXContainerItemProxy */;
		};
		2DC5AC6925F1BAF200A796CC /* PBXTargetDependency */ = {
			isa = PBXTargetDependency;
			target = 2DC5AC4225F1BAEF00A796CC /* SampleBankApp */;
			targetProxy = 2DC5AC6825F1BAF200A796CC /* PBXContainerItemProxy */;
		};
/* End PBXTargetDependency section */

/* Begin PBXVariantGroup section */
		2DC5AC4C25F1BAEF00A796CC /* Main.storyboard */ = {
			isa = PBXVariantGroup;
			children = (
				2DC5AC4D25F1BAEF00A796CC /* Base */,
			);
			name = Main.storyboard;
			sourceTree = "<group>";
		};
		2DC5AC5425F1BAF100A796CC /* LaunchScreen.storyboard */ = {
			isa = PBXVariantGroup;
			children = (
				2DC5AC5525F1BAF100A796CC /* Base */,
			);
			name = LaunchScreen.storyboard;
			sourceTree = "<group>";
		};
/* End PBXVariantGroup section */

/* Begin XCBuildConfiguration section */
		2DC5AC6E25F1BAF200A796CC /* Debug */ = {
			isa = XCBuildConfiguration;
			buildSettings = {
				ALWAYS_SEARCH_USER_PATHS = NO;
				CLANG_ANALYZER_NONNULL = YES;
				CLANG_ANALYZER_NUMBER_OBJECT_CONVERSION = YES_AGGRESSIVE;
				CLANG_CXX_LANGUAGE_STANDARD = "gnu++14";
				CLANG_CXX_LIBRARY = "libc++";
				CLANG_ENABLE_MODULES = YES;
				CLANG_ENABLE_OBJC_ARC = YES;
				CLANG_ENABLE_OBJC_WEAK = YES;
				CLANG_WARN_BLOCK_CAPTURE_AUTORELEASING = YES;
				CLANG_WARN_BOOL_CONVERSION = YES;
				CLANG_WARN_COMMA = YES;
				CLANG_WARN_CONSTANT_CONVERSION = YES;
				CLANG_WARN_DEPRECATED_OBJC_IMPLEMENTATIONS = YES;
				CLANG_WARN_DIRECT_OBJC_ISA_USAGE = YES_ERROR;
				CLANG_WARN_DOCUMENTATION_COMMENTS = YES;
				CLANG_WARN_EMPTY_BODY = YES;
				CLANG_WARN_ENUM_CONVERSION = YES;
				CLANG_WARN_INFINITE_RECURSION = YES;
				CLANG_WARN_INT_CONVERSION = YES;
				CLANG_WARN_NON_LITERAL_NULL_CONVERSION = YES;
				CLANG_WARN_OBJC_IMPLICIT_RETAIN_SELF = YES;
				CLANG_WARN_OBJC_LITERAL_CONVERSION = YES;
				CLANG_WARN_OBJC_ROOT_CLASS = YES_ERROR;
				CLANG_WARN_QUOTED_INCLUDE_IN_FRAMEWORK_HEADER = YES;
				CLANG_WARN_RANGE_LOOP_ANALYSIS = YES;
				CLANG_WARN_STRICT_PROTOTYPES = YES;
				CLANG_WARN_SUSPICIOUS_MOVE = YES;
				CLANG_WARN_UNGUARDED_AVAILABILITY = YES_AGGRESSIVE;
				CLANG_WARN_UNREACHABLE_CODE = YES;
				CLANG_WARN__DUPLICATE_METHOD_MATCH = YES;
				COPY_PHASE_STRIP = NO;
				DEBUG_INFORMATION_FORMAT = dwarf;
				ENABLE_STRICT_OBJC_MSGSEND = YES;
				ENABLE_TESTABILITY = YES;
				GCC_C_LANGUAGE_STANDARD = gnu11;
				GCC_DYNAMIC_NO_PIC = NO;
				GCC_NO_COMMON_BLOCKS = YES;
				GCC_OPTIMIZATION_LEVEL = 0;
				GCC_PREPROCESSOR_DEFINITIONS = (
					"DEBUG=1",
					"$(inherited)",
				);
				GCC_WARN_64_TO_32_BIT_CONVERSION = YES;
				GCC_WARN_ABOUT_RETURN_TYPE = YES_ERROR;
				GCC_WARN_UNDECLARED_SELECTOR = YES;
				GCC_WARN_UNINITIALIZED_AUTOS = YES_AGGRESSIVE;
				GCC_WARN_UNUSED_FUNCTION = YES;
				GCC_WARN_UNUSED_VARIABLE = YES;
				IPHONEOS_DEPLOYMENT_TARGET = 14.4;
				MTL_ENABLE_DEBUG_INFO = INCLUDE_SOURCE;
				MTL_FAST_MATH = YES;
				ONLY_ACTIVE_ARCH = YES;
				SDKROOT = iphoneos;
				SWIFT_ACTIVE_COMPILATION_CONDITIONS = DEBUG;
				SWIFT_OPTIMIZATION_LEVEL = "-Onone";
			};
			name = Debug;
		};
		2DC5AC6F25F1BAF200A796CC /* Release */ = {
			isa = XCBuildConfiguration;
			buildSettings = {
				ALWAYS_SEARCH_USER_PATHS = NO;
				CLANG_ANALYZER_NONNULL = YES;
				CLANG_ANALYZER_NUMBER_OBJECT_CONVERSION = YES_AGGRESSIVE;
				CLANG_CXX_LANGUAGE_STANDARD = "gnu++14";
				CLANG_CXX_LIBRARY = "libc++";
				CLANG_ENABLE_MODULES = YES;
				CLANG_ENABLE_OBJC_ARC = YES;
				CLANG_ENABLE_OBJC_WEAK = YES;
				CLANG_WARN_BLOCK_CAPTURE_AUTORELEASING = YES;
				CLANG_WARN_BOOL_CONVERSION = YES;
				CLANG_WARN_COMMA = YES;
				CLANG_WARN_CONSTANT_CONVERSION = YES;
				CLANG_WARN_DEPRECATED_OBJC_IMPLEMENTATIONS = YES;
				CLANG_WARN_DIRECT_OBJC_ISA_USAGE = YES_ERROR;
				CLANG_WARN_DOCUMENTATION_COMMENTS = YES;
				CLANG_WARN_EMPTY_BODY = YES;
				CLANG_WARN_ENUM_CONVERSION = YES;
				CLANG_WARN_INFINITE_RECURSION = YES;
				CLANG_WARN_INT_CONVERSION = YES;
				CLANG_WARN_NON_LITERAL_NULL_CONVERSION = YES;
				CLANG_WARN_OBJC_IMPLICIT_RETAIN_SELF = YES;
				CLANG_WARN_OBJC_LITERAL_CONVERSION = YES;
				CLANG_WARN_OBJC_ROOT_CLASS = YES_ERROR;
				CLANG_WARN_QUOTED_INCLUDE_IN_FRAMEWORK_HEADER = YES;
				CLANG_WARN_RANGE_LOOP_ANALYSIS = YES;
				CLANG_WARN_STRICT_PROTOTYPES = YES;
				CLANG_WARN_SUSPICIOUS_MOVE = YES;
				CLANG_WARN_UNGUARDED_AVAILABILITY = YES_AGGRESSIVE;
				CLANG_WARN_UNREACHABLE_CODE = YES;
				CLANG_WARN__DUPLICATE_METHOD_MATCH = YES;
				COPY_PHASE_STRIP = NO;
				DEBUG_INFORMATION_FORMAT = "dwarf-with-dsym";
				ENABLE_NS_ASSERTIONS = NO;
				ENABLE_STRICT_OBJC_MSGSEND = YES;
				GCC_C_LANGUAGE_STANDARD = gnu11;
				GCC_NO_COMMON_BLOCKS = YES;
				GCC_WARN_64_TO_32_BIT_CONVERSION = YES;
				GCC_WARN_ABOUT_RETURN_TYPE = YES_ERROR;
				GCC_WARN_UNDECLARED_SELECTOR = YES;
				GCC_WARN_UNINITIALIZED_AUTOS = YES_AGGRESSIVE;
				GCC_WARN_UNUSED_FUNCTION = YES;
				GCC_WARN_UNUSED_VARIABLE = YES;
				IPHONEOS_DEPLOYMENT_TARGET = 14.4;
				MTL_ENABLE_DEBUG_INFO = NO;
				MTL_FAST_MATH = YES;
				SDKROOT = iphoneos;
				SWIFT_COMPILATION_MODE = wholemodule;
				SWIFT_OPTIMIZATION_LEVEL = "-O";
				VALIDATE_PRODUCT = YES;
			};
			name = Release;
		};
		2DC5AC7125F1BAF200A796CC /* Debug */ = {
			isa = XCBuildConfiguration;
			baseConfigurationReference = E59405BB925E42E92DEF04B4 /* Pods-SampleBankApp.debug.xcconfig */;
			buildSettings = {
				ASSETCATALOG_COMPILER_APPICON_NAME = AppIcon;
				ASSETCATALOG_COMPILER_GLOBAL_ACCENT_COLOR_NAME = AccentColor;
				CODE_SIGN_STYLE = Automatic;
				DEVELOPMENT_TEAM = 2LEA6X25G9;
				INFOPLIST_FILE = SampleBankApp/Info.plist;
				IPHONEOS_DEPLOYMENT_TARGET = 13.0;
				LD_RUNPATH_SEARCH_PATHS = (
					"$(inherited)",
					"@executable_path/Frameworks",
				);
				PRODUCT_BUNDLE_IDENTIFIER = br.com.joseneves.SampleBankApp.SampleBankApp;
				PRODUCT_NAME = "$(TARGET_NAME)";
				SWIFT_VERSION = 5.0;
				TARGETED_DEVICE_FAMILY = 1;
			};
			name = Debug;
		};
		2DC5AC7225F1BAF200A796CC /* Release */ = {
			isa = XCBuildConfiguration;
			baseConfigurationReference = 63453893561D5CD18A24507B /* Pods-SampleBankApp.release.xcconfig */;
			buildSettings = {
				ASSETCATALOG_COMPILER_APPICON_NAME = AppIcon;
				ASSETCATALOG_COMPILER_GLOBAL_ACCENT_COLOR_NAME = AccentColor;
				CODE_SIGN_STYLE = Automatic;
				DEVELOPMENT_TEAM = 2LEA6X25G9;
				INFOPLIST_FILE = SampleBankApp/Info.plist;
				IPHONEOS_DEPLOYMENT_TARGET = 13.0;
				LD_RUNPATH_SEARCH_PATHS = (
					"$(inherited)",
					"@executable_path/Frameworks",
				);
				PRODUCT_BUNDLE_IDENTIFIER = br.com.joseneves.SampleBankApp.SampleBankApp;
				PRODUCT_NAME = "$(TARGET_NAME)";
				SWIFT_VERSION = 5.0;
				TARGETED_DEVICE_FAMILY = 1;
			};
			name = Release;
		};
		2DC5AC7425F1BAF200A796CC /* Debug */ = {
			isa = XCBuildConfiguration;
			baseConfigurationReference = 6A32D731EB97B4230CB58D40 /* Pods-SampleBankAppTests.debug.xcconfig */;
			buildSettings = {
				ALWAYS_EMBED_SWIFT_STANDARD_LIBRARIES = YES;
				BUNDLE_LOADER = "$(TEST_HOST)";
				CODE_SIGN_STYLE = Automatic;
				DEVELOPMENT_TEAM = 2LEA6X25G9;
				INFOPLIST_FILE = SampleBankAppTests/Info.plist;
				IPHONEOS_DEPLOYMENT_TARGET = 14.4;
				LD_RUNPATH_SEARCH_PATHS = (
					"$(inherited)",
					"@executable_path/Frameworks",
					"@loader_path/Frameworks",
				);
				PRODUCT_BUNDLE_IDENTIFIER = br.com.joseneves.SampleBankApp.SampleBankAppTests;
				PRODUCT_NAME = "$(TARGET_NAME)";
				SWIFT_VERSION = 5.0;
				TARGETED_DEVICE_FAMILY = "1,2";
				TEST_HOST = "$(BUILT_PRODUCTS_DIR)/SampleBankApp.app/SampleBankApp";
			};
			name = Debug;
		};
		2DC5AC7525F1BAF200A796CC /* Release */ = {
			isa = XCBuildConfiguration;
			baseConfigurationReference = 87876CE74F9FF5B061735DFC /* Pods-SampleBankAppTests.release.xcconfig */;
			buildSettings = {
				ALWAYS_EMBED_SWIFT_STANDARD_LIBRARIES = YES;
				BUNDLE_LOADER = "$(TEST_HOST)";
				CODE_SIGN_STYLE = Automatic;
				DEVELOPMENT_TEAM = 2LEA6X25G9;
				INFOPLIST_FILE = SampleBankAppTests/Info.plist;
				IPHONEOS_DEPLOYMENT_TARGET = 14.4;
				LD_RUNPATH_SEARCH_PATHS = (
					"$(inherited)",
					"@executable_path/Frameworks",
					"@loader_path/Frameworks",
				);
				PRODUCT_BUNDLE_IDENTIFIER = br.com.joseneves.SampleBankApp.SampleBankAppTests;
				PRODUCT_NAME = "$(TARGET_NAME)";
				SWIFT_VERSION = 5.0;
				TARGETED_DEVICE_FAMILY = "1,2";
				TEST_HOST = "$(BUILT_PRODUCTS_DIR)/SampleBankApp.app/SampleBankApp";
			};
			name = Release;
		};
		2DC5AC7725F1BAF200A796CC /* Debug */ = {
			isa = XCBuildConfiguration;
			baseConfigurationReference = AB775BE590FD43ACB61ECBBD /* Pods-SampleBankApp-SampleBankAppUITests.debug.xcconfig */;
			buildSettings = {
				ALWAYS_EMBED_SWIFT_STANDARD_LIBRARIES = YES;
				CODE_SIGN_STYLE = Automatic;
				DEVELOPMENT_TEAM = 2LEA6X25G9;
				INFOPLIST_FILE = SampleBankAppUITests/Info.plist;
				LD_RUNPATH_SEARCH_PATHS = (
					"$(inherited)",
					"@executable_path/Frameworks",
					"@loader_path/Frameworks",
				);
				PRODUCT_BUNDLE_IDENTIFIER = br.com.joseneves.SampleBankApp.SampleBankAppUITests;
				PRODUCT_NAME = "$(TARGET_NAME)";
				SWIFT_VERSION = 5.0;
				TARGETED_DEVICE_FAMILY = "1,2";
				TEST_TARGET_NAME = SampleBankApp;
			};
			name = Debug;
		};
		2DC5AC7825F1BAF200A796CC /* Release */ = {
			isa = XCBuildConfiguration;
			baseConfigurationReference = E9EB50EAC8F870C7800B9726 /* Pods-SampleBankApp-SampleBankAppUITests.release.xcconfig */;
			buildSettings = {
				ALWAYS_EMBED_SWIFT_STANDARD_LIBRARIES = YES;
				CODE_SIGN_STYLE = Automatic;
				DEVELOPMENT_TEAM = 2LEA6X25G9;
				INFOPLIST_FILE = SampleBankAppUITests/Info.plist;
				LD_RUNPATH_SEARCH_PATHS = (
					"$(inherited)",
					"@executable_path/Frameworks",
					"@loader_path/Frameworks",
				);
				PRODUCT_BUNDLE_IDENTIFIER = br.com.joseneves.SampleBankApp.SampleBankAppUITests;
				PRODUCT_NAME = "$(TARGET_NAME)";
				SWIFT_VERSION = 5.0;
				TARGETED_DEVICE_FAMILY = "1,2";
				TEST_TARGET_NAME = SampleBankApp;
			};
			name = Release;
		};
/* End XCBuildConfiguration section */

/* Begin XCConfigurationList section */
		2DC5AC3E25F1BAEF00A796CC /* Build configuration list for PBXProject "SampleBankApp" */ = {
			isa = XCConfigurationList;
			buildConfigurations = (
				2DC5AC6E25F1BAF200A796CC /* Debug */,
				2DC5AC6F25F1BAF200A796CC /* Release */,
			);
			defaultConfigurationIsVisible = 0;
			defaultConfigurationName = Release;
		};
		2DC5AC7025F1BAF200A796CC /* Build configuration list for PBXNativeTarget "SampleBankApp" */ = {
			isa = XCConfigurationList;
			buildConfigurations = (
				2DC5AC7125F1BAF200A796CC /* Debug */,
				2DC5AC7225F1BAF200A796CC /* Release */,
			);
			defaultConfigurationIsVisible = 0;
			defaultConfigurationName = Release;
		};
		2DC5AC7325F1BAF200A796CC /* Build configuration list for PBXNativeTarget "SampleBankAppTests" */ = {
			isa = XCConfigurationList;
			buildConfigurations = (
				2DC5AC7425F1BAF200A796CC /* Debug */,
				2DC5AC7525F1BAF200A796CC /* Release */,
			);
			defaultConfigurationIsVisible = 0;
			defaultConfigurationName = Release;
		};
		2DC5AC7625F1BAF200A796CC /* Build configuration list for PBXNativeTarget "SampleBankAppUITests" */ = {
			isa = XCConfigurationList;
			buildConfigurations = (
				2DC5AC7725F1BAF200A796CC /* Debug */,
				2DC5AC7825F1BAF200A796CC /* Release */,
			);
			defaultConfigurationIsVisible = 0;
			defaultConfigurationName = Release;
		};
/* End XCConfigurationList section */

/* Begin XCVersionGroup section */
		2DC5AC4F25F1BAEF00A796CC /* SampleBankApp.xcdatamodeld */ = {
			isa = XCVersionGroup;
			children = (
				2DC5AC5025F1BAEF00A796CC /* SampleBankApp.xcdatamodel */,
			);
			currentVersion = 2DC5AC5025F1BAEF00A796CC /* SampleBankApp.xcdatamodel */;
			path = SampleBankApp.xcdatamodeld;
			sourceTree = "<group>";
			versionGroupType = wrapper.xcdatamodel;
		};
/* End XCVersionGroup section */
	};
	rootObject = 2DC5AC3B25F1BAEF00A796CC /* Project object */;
}
